
Microsoft Visual Studio Solution File, Format Version 12.00
# Visual Studio Version 16
VisualStudioVersion = 16.0.30907.101
MinimumVisualStudioVersion = 10.0.40219.1
Project("{9A19103F-16F7-4668-BE54-9A1E7A4F7556}") = "MangoTicaret", "MangoTicaret\MangoTicaret.csproj", "{5F6BB32F-7D78-4DF0-8047-7E7CAFFC0AB4}"
EndProject
Project("{9A19103F-16F7-4668-BE54-9A1E7A4F7556}") = "MangoTicaretCore", "MangoTicaretCore\MangoTicaretCore.csproj", "{1887416C-D3B7-4663-B5A6-66E2A9924B89}"
EndProject
Project("{9A19103F-16F7-4668-BE54-9A1E7A4F7556}") = "MangoTicaretDAL", "MangoTicaretDAL\MangoTicaretDAL.csproj", "{35B413A2-3AF6-435C-B3A9-E3D5C6D011E1}"
EndProject
Project("{9A19103F-16F7-4668-BE54-9A1E7A4F7556}") = "MangoTicaretConstants", "MangoTicaretConstants\MangoTicaretConstants.csproj", "{A91F7893-894A-4FF3-9CED-3B3E4A656CE2}"
EndProject
Global
	GlobalSection(SolutionConfigurationPlatforms) = preSolution
		Debug|Any CPU = Debug|Any CPU
		Release|Any CPU = Release|Any CPU
	EndGlobalSection
	GlobalSection(ProjectConfigurationPlatforms) = postSolution
		{5F6BB32F-7D78-4DF0-8047-7E7CAFFC0AB4}.Debug|Any CPU.ActiveCfg = Debug|Any CPU
		{5F6BB32F-7D78-4DF0-8047-7E7CAFFC0AB4}.Debug|Any CPU.Build.0 = Debug|Any CPU
		{5F6BB32F-7D78-4DF0-8047-7E7CAFFC0AB4}.Release|Any CPU.ActiveCfg = Release|Any CPU
		{5F6BB32F-7D78-4DF0-8047-7E7CAFFC0AB4}.Release|Any CPU.Build.0 = Release|Any CPU
		{1887416C-D3B7-4663-B5A6-66E2A9924B89}.Debug|Any CPU.ActiveCfg = Debug|Any CPU
		{1887416C-D3B7-4663-B5A6-66E2A9924B89}.Debug|Any CPU.Build.0 = Debug|Any CPU
		{1887416C-D3B7-4663-B5A6-66E2A9924B89}.Release|Any CPU.ActiveCfg = Release|Any CPU
		{1887416C-D3B7-4663-B5A6-66E2A9924B89}.Release|Any CPU.Build.0 = Release|Any CPU
		{35B413A2-3AF6-435C-B3A9-E3D5C6D011E1}.Debug|Any CPU.ActiveCfg = Debug|Any CPU
		{35B413A2-3AF6-435C-B3A9-E3D5C6D011E1}.Debug|Any CPU.Build.0 = Debug|Any CPU
		{35B413A2-3AF6-435C-B3A9-E3D5C6D011E1}.Release|Any CPU.ActiveCfg = Release|Any CPU
		{35B413A2-3AF6-435C-B3A9-E3D5C6D011E1}.Release|Any CPU.Build.0 = Release|Any CPU
		{A91F7893-894A-4FF3-9CED-3B3E4A656CE2}.Debug|Any CPU.ActiveCfg = Debug|Any CPU
		{A91F7893-894A-4FF3-9CED-3B3E4A656CE2}.Debug|Any CPU.Build.0 = Debug|Any CPU
		{A91F7893-894A-4FF3-9CED-3B3E4A656CE2}.Release|Any CPU.ActiveCfg = Release|Any CPU
		{A91F7893-894A-4FF3-9CED-3B3E4A656CE2}.Release|Any CPU.Build.0 = Release|Any CPU
	EndGlobalSection
	GlobalSection(SolutionProperties) = preSolution
		HideSolutionNode = FALSE
	EndGlobalSection
	GlobalSection(ExtensibilityGlobals) = postSolution
		SolutionGuid = {1B94BBD3-B7CF-4A21-A97A-C0F187223F34}
	EndGlobalSection
EndGlobal
